<?xml version="1.0" encoding="utf-8"?>
<Project ToolsVersion="4.0" xmlns="http://schemas.microsoft.com/developer/msbuild/2003">
  <ItemGroup>
    <ClCompile Include="src\main.cpp">
      <Filter>src</Filter>
    </ClCompile>
    <ClCompile Include="src\Background.cpp">
      <Filter>src</Filter>
    </ClCompile>
    <ClCompile Include="src\GameIcon.cpp">
      <Filter>src</Filter>
    </ClCompile>
    <ClCompile Include="src\ofApp.cpp">
      <Filter>src</Filter>
    </ClCompile>
    <ClCompile Include="src\OptionsBar.cpp">
      <Filter>src</Filter>
    </ClCompile>
    <ClCompile Include="src\SortingButtonBase.cpp">
      <Filter>src</Filter>
    </ClCompile>
    <ClCompile Include="src\SortingButtonNumber.cpp">
      <Filter>src</Filter>
    </ClCompile>
    <ClCompile Include="src\SortingButtonToggle.cpp">
      <Filter>src</Filter>
    </ClCompile>
    <ClCompile Include="src\ControllerManager.cpp">
      <Filter>src</Filter>
    </ClCompile>
    <ClCompile Include="src\ofxXmlSettings_win\libs\tinyxmlerror.cpp">
      <Filter>src\libraries\ofxXmlSettings</Filter>
    </ClCompile>
    <ClCompile Include="src\ofxXmlSettings_win\libs\tinyxmlparser.cpp">
      <Filter>src\libraries\ofxXmlSettings</Filter>
    </ClCompile>
    <ClCompile Include="src\ofxXmlSettings_win\libs\tinyxml.cpp">
      <Filter>src\libraries\ofxXmlSettings</Filter>
    </ClCompile>
    <ClCompile Include="src\ofxXmlSettings_win\src\ofxXmlSettings.cpp">
      <Filter>src\libraries\ofxXmlSettings</Filter>
    </ClCompile>
    <ClCompile Include="src\ofxGamepadFalcon\ofxGamepad.cpp">
      <Filter>src\libraries\ofxGamepadFalcon</Filter>
    </ClCompile>
    <ClCompile Include="src\ofxGamepadFalcon\ofxGamepadCamera.cpp">
      <Filter>src\libraries\ofxGamepadFalcon</Filter>
    </ClCompile>
    <ClCompile Include="src\ofxGamepadFalcon\ofxGamepadHandler.cpp">
      <Filter>src\libraries\ofxGamepadFalcon</Filter>
    </ClCompile>
    <ClCompile Include="src\ofxGamepadFalcon\ofxGamepadLinux.cpp">
      <Filter>src\libraries\ofxGamepadFalcon</Filter>
    </ClCompile>
    <ClCompile Include="src\ofxGamepadFalcon\ofxGamepadOIS.cpp">
      <Filter>src\libraries\ofxGamepadFalcon</Filter>
    </ClCompile>
  </ItemGroup>
  <ItemGroup>
    <Filter Include="src">
      <UniqueIdentifier>{d8376475-7454-4a24-b08a-aac121d3ad6f}</UniqueIdentifier>
    </Filter>
    <Filter Include="addons">
      <UniqueIdentifier>{bd11bb2c-5f56-47e7-bde1-45f76a9ee060}</UniqueIdentifier>
    </Filter>
    <Filter Include="src\libraries">
      <UniqueIdentifier>{3192c3b1-1851-4273-8446-a05a9fc74e3b}</UniqueIdentifier>
    </Filter>
    <Filter Include="src\libraries\ofxXmlSettings">
      <UniqueIdentifier>{5a1d6bb4-7678-42e9-809f-acf8b22afcd0}</UniqueIdentifier>
    </Filter>
    <Filter Include="src\libraries\ofxGamepadFalcon">
      <UniqueIdentifier>{69ab9b86-c81e-4d49-adb1-d5994ea2ad58}</UniqueIdentifier>
    </Filter>
  </ItemGroup>
  <ItemGroup>
    <ClInclude Include="src\GameIcon.h">
      <Filter>src</Filter>
    </ClInclude>
    <ClInclude Include="src\ofApp.h">
      <Filter>src</Filter>
    </ClInclude>
    <ClInclude Include="src\OptionsBar.h">
      <Filter>src</Filter>
    </ClInclude>
    <ClInclude Include="src\SortingButtonBase.h">
      <Filter>src</Filter>
    </ClInclude>
    <ClInclude Include="src\SortingButtonNumber.h">
      <Filter>src</Filter>
    </ClInclude>
    <ClInclude Include="src\SortingButtonToggle.h">
      <Filter>src</Filter>
    </ClInclude>
    <ClInclude Include="src\Background.h">
      <Filter>src</Filter>
    </ClInclude>
    <ClInclude Include="src\BasicInfo.h">
      <Filter>src</Filter>
    </ClInclude>
    <ClInclude Include="src\ControllerManager.h">
      <Filter>src</Filter>
    </ClInclude>
    <ClInclude Include="src\ofxXmlSettings_win\libs\tinyxml.h">
      <Filter>src\libraries\ofxXmlSettings</Filter>
    </ClInclude>
    <ClInclude Include="src\ofxXmlSettings_win\src\ofxXmlSettings.h">
      <Filter>src\libraries\ofxXmlSettings</Filter>
    </ClInclude>
    <ClInclude Include="src\ofxGamepadFalcon\OISMultiTouch.h">
      <Filter>src\libraries\ofxGamepadFalcon</Filter>
    </ClInclude>
    <ClInclude Include="src\ofxGamepadFalcon\OISObject.h">
      <Filter>src\libraries\ofxGamepadFalcon</Filter>
    </ClInclude>
    <ClInclude Include="src\ofxGamepadFalcon\OISPrereqs.h">
      <Filter>src\libraries\ofxGamepadFalcon</Filter>
    </ClInclude>
    <ClInclude Include="src\ofxGamepadFalcon\Win32ForceFeedback.h">
      <Filter>src\libraries\ofxGamepadFalcon</Filter>
    </ClInclude>
    <ClInclude Include="src\ofxGamepadFalcon\Win32InputManager.h">
      <Filter>src\libraries\ofxGamepadFalcon</Filter>
    </ClInclude>
    <ClInclude Include="src\ofxGamepadFalcon\Win32JoyStick.h">
      <Filter>src\libraries\ofxGamepadFalcon</Filter>
    </ClInclude>
    <ClInclude Include="src\ofxGamepadFalcon\Win32KeyBoard.h">
      <Filter>src\libraries\ofxGamepadFalcon</Filter>
    </ClInclude>
    <ClInclude Include="src\ofxGamepadFalcon\Win32Mouse.h">
      <Filter>src\libraries\ofxGamepadFalcon</Filter>
    </ClInclude>
    <ClInclude Include="src\ofxGamepadFalcon\Win32Prereqs.h">
      <Filter>src\libraries\ofxGamepadFalcon</Filter>
    </ClInclude>
    <ClInclude Include="src\ofxGamepadFalcon\ofxGamepad.h">
      <Filter>src\libraries\ofxGamepadFalcon</Filter>
    </ClInclude>
    <ClInclude Include="src\ofxGamepadFalcon\ofxGamepadCamera.h">
      <Filter>src\libraries\ofxGamepadFalcon</Filter>
    </ClInclude>
    <ClInclude Include="src\ofxGamepadFalcon\ofxGamepadConfigs.h">
      <Filter>src\libraries\ofxGamepadFalcon</Filter>
    </ClInclude>
    <ClInclude Include="src\ofxGamepadFalcon\ofxGamepadHandler.h">
      <Filter>src\libraries\ofxGamepadFalcon</Filter>
    </ClInclude>
    <ClInclude Include="src\ofxGamepadFalcon\ofxGamepadLinux.h">
      <Filter>src\libraries\ofxGamepadFalcon</Filter>
    </ClInclude>
    <ClInclude Include="src\ofxGamepadFalcon\ofxGamepadOIS.h">
      <Filter>src\libraries\ofxGamepadFalcon</Filter>
    </ClInclude>
    <ClInclude Include="src\ofxGamepadFalcon\OIS.h">
      <Filter>src\libraries\ofxGamepadFalcon</Filter>
    </ClInclude>
    <ClInclude Include="src\ofxGamepadFalcon\OISConfig.h">
      <Filter>src\libraries\ofxGamepadFalcon</Filter>
    </ClInclude>
    <ClInclude Include="src\ofxGamepadFalcon\OISEffect.h">
      <Filter>src\libraries\ofxGamepadFalcon</Filter>
    </ClInclude>
    <ClInclude Include="src\ofxGamepadFalcon\OISEvents.h">
      <Filter>src\libraries\ofxGamepadFalcon</Filter>
    </ClInclude>
    <ClInclude Include="src\ofxGamepadFalcon\OISException.h">
      <Filter>src\libraries\ofxGamepadFalcon</Filter>
    </ClInclude>
    <ClInclude Include="src\ofxGamepadFalcon\OISFactoryCreator.h">
      <Filter>src\libraries\ofxGamepadFalcon</Filter>
    </ClInclude>
    <ClInclude Include="src\ofxGamepadFalcon\OISForceFeedback.h">
      <Filter>src\libraries\ofxGamepadFalcon</Filter>
    </ClInclude>
    <ClInclude Include="src\ofxGamepadFalcon\OISInputManager.h">
      <Filter>src\libraries\ofxGamepadFalcon</Filter>
    </ClInclude>
    <ClInclude Include="src\ofxGamepadFalcon\OISInterface.h">
      <Filter>src\libraries\ofxGamepadFalcon</Filter>
    </ClInclude>
    <ClInclude Include="src\ofxGamepadFalcon\OISJoyStick.h">
      <Filter>src\libraries\ofxGamepadFalcon</Filter>
    </ClInclude>
    <ClInclude Include="src\ofxGamepadFalcon\OISKeyboard.h">
      <Filter>src\libraries\ofxGamepadFalcon</Filter>
    </ClInclude>
    <ClInclude Include="src\ofxGamepadFalcon\OISMouse.h">
      <Filter>src\libraries\ofxGamepadFalcon</Filter>
    </ClInclude>
    <ClInclude Include="src\system_specific_win\SystemSpecificInfo.h">
      <Filter>src</Filter>
    </ClInclude>
  </ItemGroup>
  <ItemGroup>
    <Library Include="src\ofxGamepadFalcon\OIS_vs2010_static.lib">
      <Filter>src\libraries\ofxGamepadFalcon</Filter>
    </Library>
    <Library Include="src\ofxGamepadFalcon\OIS_vs2010_static_d.lib">
      <Filter>src\libraries\ofxGamepadFalcon</Filter>
    </Library>
  </ItemGroup>
</Project>